// !$*UTF8*$!
{
	archiveVersion = 1;
	classes = {
	};
	objectVersion = 50;
	objects = {

/* Begin PBXBuildFile section */
		117E699425F7A21E00E313E3 /* AppDelegate.swift in Sources */ = {isa = PBXBuildFile; fileRef = 117E699325F7A21E00E313E3 /* AppDelegate.swift */; };
		117E699625F7A21E00E313E3 /* SceneDelegate.swift in Sources */ = {isa = PBXBuildFile; fileRef = 117E699525F7A21E00E313E3 /* SceneDelegate.swift */; };
		117E699B25F7A21E00E313E3 /* Main.storyboard in Resources */ = {isa = PBXBuildFile; fileRef = 117E699925F7A21E00E313E3 /* Main.storyboard */; };
		117E699D25F7A21F00E313E3 /* Assets.xcassets in Resources */ = {isa = PBXBuildFile; fileRef = 117E699C25F7A21F00E313E3 /* Assets.xcassets */; };
		117E69A025F7A21F00E313E3 /* LaunchScreen.storyboard in Resources */ = {isa = PBXBuildFile; fileRef = 117E699E25F7A21F00E313E3 /* LaunchScreen.storyboard */; };
		117E69A925F7A39900E313E3 /* BooksViewController.swift in Sources */ = {isa = PBXBuildFile; fileRef = 117E69A825F7A39900E313E3 /* BooksViewController.swift */; };
		117E69AC25F7A3A600E313E3 /* HousesViewController.swift in Sources */ = {isa = PBXBuildFile; fileRef = 117E69AB25F7A3A600E313E3 /* HousesViewController.swift */; };
		117E69AF25F7A3B600E313E3 /* CharactersViewController.swift in Sources */ = {isa = PBXBuildFile; fileRef = 117E69AE25F7A3B600E313E3 /* CharactersViewController.swift */; };
		E84D2D4C270C8F6000F7CBD4 /* AppExtension.swift in Sources */ = {isa = PBXBuildFile; fileRef = E84D2D4B270C8F6000F7CBD4 /* AppExtension.swift */; };
		E84D2D4F270C901000F7CBD4 /* NetWorkManager.swift in Sources */ = {isa = PBXBuildFile; fileRef = E84D2D4E270C901000F7CBD4 /* NetWorkManager.swift */; };
		E84D2D51270C901C00F7CBD4 /* Reachability.swift in Sources */ = {isa = PBXBuildFile; fileRef = E84D2D50270C901C00F7CBD4 /* Reachability.swift */; };
		E84D2D53270C903000F7CBD4 /* AppConstants.swift in Sources */ = {isa = PBXBuildFile; fileRef = E84D2D52270C903000F7CBD4 /* AppConstants.swift */; };
		E84D2D55270C932500F7CBD4 /* BooksVM.swift in Sources */ = {isa = PBXBuildFile; fileRef = E84D2D54270C932500F7CBD4 /* BooksVM.swift */; };
		E84D2D58270C937B00F7CBD4 /* HousesVM.swift in Sources */ = {isa = PBXBuildFile; fileRef = E84D2D56270C937B00F7CBD4 /* HousesVM.swift */; };
		E84D2D59270C937B00F7CBD4 /* CharactersVM.swift in Sources */ = {isa = PBXBuildFile; fileRef = E84D2D57270C937B00F7CBD4 /* CharactersVM.swift */; };
		E84D2D5B270C969E00F7CBD4 /* Book.swift in Sources */ = {isa = PBXBuildFile; fileRef = E84D2D5A270C969E00F7CBD4 /* Book.swift */; };
		E84D2D5D270C96B600F7CBD4 /* House.swift in Sources */ = {isa = PBXBuildFile; fileRef = E84D2D5C270C96B600F7CBD4 /* House.swift */; };
		E84D2D5F270C96C100F7CBD4 /* Character.swift in Sources */ = {isa = PBXBuildFile; fileRef = E84D2D5E270C96C100F7CBD4 /* Character.swift */; };
		E84D2D62270C974100F7CBD4 /* BooksTableViewCell.swift in Sources */ = {isa = PBXBuildFile; fileRef = E84D2D60270C974100F7CBD4 /* BooksTableViewCell.swift */; };
		E84D2D63270C974100F7CBD4 /* HouseTableViewCell.swift in Sources */ = {isa = PBXBuildFile; fileRef = E84D2D61270C974100F7CBD4 /* HouseTableViewCell.swift */; };
		E84D2D65270C975B00F7CBD4 /* CharacterTableViewCell.swift in Sources */ = {isa = PBXBuildFile; fileRef = E84D2D64270C975A00F7CBD4 /* CharacterTableViewCell.swift */; };
/* End PBXBuildFile section */

/* Begin PBXFileReference section */
		117E699025F7A21E00E313E3 /* iOSTakeHomeChallenge.app */ = {isa = PBXFileReference; explicitFileType = wrapper.application; includeInIndex = 0; path = iOSTakeHomeChallenge.app; sourceTree = BUILT_PRODUCTS_DIR; };
		117E699325F7A21E00E313E3 /* AppDelegate.swift */ = {isa = PBXFileReference; lastKnownFileType = sourcecode.swift; path = AppDelegate.swift; sourceTree = "<group>"; };
		117E699525F7A21E00E313E3 /* SceneDelegate.swift */ = {isa = PBXFileReference; lastKnownFileType = sourcecode.swift; path = SceneDelegate.swift; sourceTree = "<group>"; };
		117E699A25F7A21E00E313E3 /* Base */ = {isa = PBXFileReference; lastKnownFileType = file.storyboard; name = Base; path = Base.lproj/Main.storyboard; sourceTree = "<group>"; };
		117E699C25F7A21F00E313E3 /* Assets.xcassets */ = {isa = PBXFileReference; lastKnownFileType = folder.assetcatalog; path = Assets.xcassets; sourceTree = "<group>"; };
		117E699F25F7A21F00E313E3 /* Base */ = {isa = PBXFileReference; lastKnownFileType = file.storyboard; name = Base; path = Base.lproj/LaunchScreen.storyboard; sourceTree = "<group>"; };
		117E69A125F7A21F00E313E3 /* Info.plist */ = {isa = PBXFileReference; lastKnownFileType = text.plist.xml; path = Info.plist; sourceTree = "<group>"; };
		117E69A825F7A39900E313E3 /* BooksViewController.swift */ = {isa = PBXFileReference; lastKnownFileType = sourcecode.swift; path = BooksViewController.swift; sourceTree = "<group>"; };
		117E69AB25F7A3A600E313E3 /* HousesViewController.swift */ = {isa = PBXFileReference; lastKnownFileType = sourcecode.swift; path = HousesViewController.swift; sourceTree = "<group>"; };
		117E69AE25F7A3B600E313E3 /* CharactersViewController.swift */ = {isa = PBXFileReference; lastKnownFileType = sourcecode.swift; path = CharactersViewController.swift; sourceTree = "<group>"; };
		E84D2D4B270C8F6000F7CBD4 /* AppExtension.swift */ = {isa = PBXFileReference; lastKnownFileType = sourcecode.swift; path = AppExtension.swift; sourceTree = "<group>"; };
		E84D2D4E270C901000F7CBD4 /* NetWorkManager.swift */ = {isa = PBXFileReference; lastKnownFileType = sourcecode.swift; path = NetWorkManager.swift; sourceTree = "<group>"; };
		E84D2D50270C901C00F7CBD4 /* Reachability.swift */ = {isa = PBXFileReference; lastKnownFileType = sourcecode.swift; path = Reachability.swift; sourceTree = "<group>"; };
		E84D2D52270C903000F7CBD4 /* AppConstants.swift */ = {isa = PBXFileReference; lastKnownFileType = sourcecode.swift; path = AppConstants.swift; sourceTree = "<group>"; };
		E84D2D54270C932500F7CBD4 /* BooksVM.swift */ = {isa = PBXFileReference; lastKnownFileType = sourcecode.swift; path = BooksVM.swift; sourceTree = "<group>"; };
		E84D2D56270C937B00F7CBD4 /* HousesVM.swift */ = {isa = PBXFileReference; fileEncoding = 4; lastKnownFileType = sourcecode.swift; path = HousesVM.swift; sourceTree = "<group>"; };
		E84D2D57270C937B00F7CBD4 /* CharactersVM.swift */ = {isa = PBXFileReference; fileEncoding = 4; lastKnownFileType = sourcecode.swift; path = CharactersVM.swift; sourceTree = "<group>"; };
		E84D2D5A270C969E00F7CBD4 /* Book.swift */ = {isa = PBXFileReference; lastKnownFileType = sourcecode.swift; path = Book.swift; sourceTree = "<group>"; };
		E84D2D5C270C96B600F7CBD4 /* House.swift */ = {isa = PBXFileReference; lastKnownFileType = sourcecode.swift; path = House.swift; sourceTree = "<group>"; };
		E84D2D5E270C96C100F7CBD4 /* Character.swift */ = {isa = PBXFileReference; lastKnownFileType = sourcecode.swift; path = Character.swift; sourceTree = "<group>"; };
		E84D2D60270C974100F7CBD4 /* BooksTableViewCell.swift */ = {isa = PBXFileReference; fileEncoding = 4; lastKnownFileType = sourcecode.swift; path = BooksTableViewCell.swift; sourceTree = "<group>"; };
		E84D2D61270C974100F7CBD4 /* HouseTableViewCell.swift */ = {isa = PBXFileReference; fileEncoding = 4; lastKnownFileType = sourcecode.swift; path = HouseTableViewCell.swift; sourceTree = "<group>"; };
		E84D2D64270C975A00F7CBD4 /* CharacterTableViewCell.swift */ = {isa = PBXFileReference; fileEncoding = 4; lastKnownFileType = sourcecode.swift; path = CharacterTableViewCell.swift; sourceTree = "<group>"; };
/* End PBXFileReference section */

/* Begin PBXFrameworksBuildPhase section */
		117E698D25F7A21E00E313E3 /* Frameworks */ = {
			isa = PBXFrameworksBuildPhase;
			buildActionMask = 2147483647;
			files = (
			);
			runOnlyForDeploymentPostprocessing = 0;
		};
/* End PBXFrameworksBuildPhase section */

/* Begin PBXGroup section */
		117E698725F7A21E00E313E3 = {
			isa = PBXGroup;
			children = (
				117E699225F7A21E00E313E3 /* iOSTakeHomeChallenge */,
				117E699125F7A21E00E313E3 /* Products */,
			);
			sourceTree = "<group>";
		};
		117E699125F7A21E00E313E3 /* Products */ = {
			isa = PBXGroup;
			children = (
				117E699025F7A21E00E313E3 /* iOSTakeHomeChallenge.app */,
			);
			name = Products;
			sourceTree = "<group>";
		};
		117E699225F7A21E00E313E3 /* iOSTakeHomeChallenge */ = {
			isa = PBXGroup;
			children = (
				E84D2D4A270C8E0500F7CBD4 /* NetworkManager */,
				E84D2D47270C8DE200F7CBD4 /* View */,
				E84D2D44270C8DBE00F7CBD4 /* Utils */,
				E84D2D43270C8DB800F7CBD4 /* Model */,
				E84D2D42270C8DAA00F7CBD4 /* ViewModel */,
				117E699325F7A21E00E313E3 /* AppDelegate.swift */,
				117E699525F7A21E00E313E3 /* SceneDelegate.swift */,
				117E699C25F7A21F00E313E3 /* Assets.xcassets */,
				117E69A125F7A21F00E313E3 /* Info.plist */,
			);
			path = iOSTakeHomeChallenge;
			sourceTree = "<group>";
		};
		E84D2D42270C8DAA00F7CBD4 /* ViewModel */ = {
			isa = PBXGroup;
			children = (
				E84D2D57270C937B00F7CBD4 /* CharactersVM.swift */,
				E84D2D56270C937B00F7CBD4 /* HousesVM.swift */,
				E84D2D54270C932500F7CBD4 /* BooksVM.swift */,
			);
			path = ViewModel;
			sourceTree = "<group>";
		};
		E84D2D43270C8DB800F7CBD4 /* Model */ = {
			isa = PBXGroup;
			children = (
				E84D2D5A270C969E00F7CBD4 /* Book.swift */,
				E84D2D5C270C96B600F7CBD4 /* House.swift */,
				E84D2D5E270C96C100F7CBD4 /* Character.swift */,
			);
			path = Model;
			sourceTree = "<group>";
		};
		E84D2D44270C8DBE00F7CBD4 /* Utils */ = {
			isa = PBXGroup;
			children = (
				E84D2D45270C8DC700F7CBD4 /* Extension */,
				E84D2D52270C903000F7CBD4 /* AppConstants.swift */,
			);
			path = Utils;
			sourceTree = "<group>";
		};
		E84D2D45270C8DC700F7CBD4 /* Extension */ = {
			isa = PBXGroup;
			children = (
				E84D2D4B270C8F6000F7CBD4 /* AppExtension.swift */,
			);
			path = Extension;
			sourceTree = "<group>";
		};
		E84D2D47270C8DE200F7CBD4 /* View */ = {
			isa = PBXGroup;
			children = (
				E84D2D4D270C8FDA00F7CBD4 /* StoryBoard */,
				E84D2D49270C8DF400F7CBD4 /* Views */,
				E84D2D48270C8DEC00F7CBD4 /* ViewController */,
			);
			path = View;
			sourceTree = "<group>";
		};
		E84D2D48270C8DEC00F7CBD4 /* ViewController */ = {
			isa = PBXGroup;
			children = (
				117E69AE25F7A3B600E313E3 /* CharactersViewController.swift */,
				117E69A825F7A39900E313E3 /* BooksViewController.swift */,
				117E69AB25F7A3A600E313E3 /* HousesViewController.swift */,
			);
			path = ViewController;
			sourceTree = "<group>";
		};
		E84D2D49270C8DF400F7CBD4 /* Views */ = {
			isa = PBXGroup;
			children = (
				E84D2D64270C975A00F7CBD4 /* CharacterTableViewCell.swift */,
				E84D2D60270C974100F7CBD4 /* BooksTableViewCell.swift */,
				E84D2D61270C974100F7CBD4 /* HouseTableViewCell.swift */,
			);
			path = Views;
			sourceTree = "<group>";
		};
		E84D2D4A270C8E0500F7CBD4 /* NetworkManager */ = {
			isa = PBXGroup;
			children = (
				E84D2D4E270C901000F7CBD4 /* NetWorkManager.swift */,
				E84D2D50270C901C00F7CBD4 /* Reachability.swift */,
			);
			path = NetworkManager;
			sourceTree = "<group>";
		};
		E84D2D4D270C8FDA00F7CBD4 /* StoryBoard */ = {
			isa = PBXGroup;
			children = (
				117E699925F7A21E00E313E3 /* Main.storyboard */,
				117E699E25F7A21F00E313E3 /* LaunchScreen.storyboard */,
			);
			path = StoryBoard;
			sourceTree = "<group>";
		};
/* End PBXGroup section */

/* Begin PBXNativeTarget section */
		117E698F25F7A21E00E313E3 /* iOSTakeHomeChallenge */ = {
			isa = PBXNativeTarget;
			buildConfigurationList = 117E69A425F7A21F00E313E3 /* Build configuration list for PBXNativeTarget "iOSTakeHomeChallenge" */;
			buildPhases = (
				117E698C25F7A21E00E313E3 /* Sources */,
				117E698D25F7A21E00E313E3 /* Frameworks */,
				117E698E25F7A21E00E313E3 /* Resources */,
			);
			buildRules = (
			);
			dependencies = (
			);
			name = iOSTakeHomeChallenge;
			productName = iOSTakeHomeChallenge;
			productReference = 117E699025F7A21E00E313E3 /* iOSTakeHomeChallenge.app */;
			productType = "com.apple.product-type.application";
		};
/* End PBXNativeTarget section */

/* Begin PBXProject section */
		117E698825F7A21E00E313E3 /* Project object */ = {
			isa = PBXProject;
			attributes = {
				LastSwiftUpdateCheck = 1240;
				LastUpgradeCheck = 1240;
				TargetAttributes = {
					117E698F25F7A21E00E313E3 = {
						CreatedOnToolsVersion = 12.4;
					};
				};
			};
			buildConfigurationList = 117E698B25F7A21E00E313E3 /* Build configuration list for PBXProject "iOSTakeHomeChallenge" */;
			compatibilityVersion = "Xcode 9.3";
			developmentRegion = en;
			hasScannedForEncodings = 0;
			knownRegions = (
				en,
				Base,
			);
			mainGroup = 117E698725F7A21E00E313E3;
			productRefGroup = 117E699125F7A21E00E313E3 /* Products */;
			projectDirPath = "";
			projectRoot = "";
			targets = (
				117E698F25F7A21E00E313E3 /* iOSTakeHomeChallenge */,
			);
		};
/* End PBXProject section */

/* Begin PBXResourcesBuildPhase section */
		117E698E25F7A21E00E313E3 /* Resources */ = {
			isa = PBXResourcesBuildPhase;
			buildActionMask = 2147483647;
			files = (
				117E69A025F7A21F00E313E3 /* LaunchScreen.storyboard in Resources */,
				117E699D25F7A21F00E313E3 /* Assets.xcassets in Resources */,
				117E699B25F7A21E00E313E3 /* Main.storyboard in Resources */,
			);
			runOnlyForDeploymentPostprocessing = 0;
		};
/* End PBXResourcesBuildPhase section */

/* Begin PBXSourcesBuildPhase section */
		117E698C25F7A21E00E313E3 /* Sources */ = {
			isa = PBXSourcesBuildPhase;
			buildActionMask = 2147483647;
			files = (
				E84D2D5D270C96B600F7CBD4 /* House.swift in Sources */,
				E84D2D59270C937B00F7CBD4 /* CharactersVM.swift in Sources */,
				E84D2D58270C937B00F7CBD4 /* HousesVM.swift in Sources */,
				117E69AC25F7A3A600E313E3 /* HousesViewController.swift in Sources */,
				E84D2D62270C974100F7CBD4 /* BooksTableViewCell.swift in Sources */,
				E84D2D53270C903000F7CBD4 /* AppConstants.swift in Sources */,
				117E69AF25F7A3B600E313E3 /* CharactersViewController.swift in Sources */,
				E84D2D55270C932500F7CBD4 /* BooksVM.swift in Sources */,
				117E69A925F7A39900E313E3 /* BooksViewController.swift in Sources */,
				E84D2D4C270C8F6000F7CBD4 /* AppExtension.swift in Sources */,
				E84D2D4F270C901000F7CBD4 /* NetWorkManager.swift in Sources */,
				E84D2D65270C975B00F7CBD4 /* CharacterTableViewCell.swift in Sources */,
				117E699425F7A21E00E313E3 /* AppDelegate.swift in Sources */,
				E84D2D51270C901C00F7CBD4 /* Reachability.swift in Sources */,
				E84D2D5F270C96C100F7CBD4 /* Character.swift in Sources */,
				E84D2D5B270C969E00F7CBD4 /* Book.swift in Sources */,
				E84D2D63270C974100F7CBD4 /* HouseTableViewCell.swift in Sources */,
				117E699625F7A21E00E313E3 /* SceneDelegate.swift in Sources */,
			);
			runOnlyForDeploymentPostprocessing = 0;
		};
/* End PBXSourcesBuildPhase section */

/* Begin PBXVariantGroup section */
		117E699925F7A21E00E313E3 /* Main.storyboard */ = {
			isa = PBXVariantGroup;
			children = (
				117E699A25F7A21E00E313E3 /* Base */,
			);
			name = Main.storyboard;
			sourceTree = "<group>";
		};
		117E699E25F7A21F00E313E3 /* LaunchScreen.storyboard */ = {
			isa = PBXVariantGroup;
			children = (
				117E699F25F7A21F00E313E3 /* Base */,
			);
			name = LaunchScreen.storyboard;
			sourceTree = "<group>";
		};
/* End PBXVariantGroup section */

/* Begin XCBuildConfiguration section */
		117E69A225F7A21F00E313E3 /* Debug */ = {
			isa = XCBuildConfiguration;
			buildSettings = {
				ALWAYS_SEARCH_USER_PATHS = NO;
				CLANG_ANALYZER_NONNULL = YES;
				CLANG_ANALYZER_NUMBER_OBJECT_CONVERSION = YES_AGGRESSIVE;
				CLANG_CXX_LANGUAGE_STANDARD = "gnu++14";
				CLANG_CXX_LIBRARY = "libc++";
				CLANG_ENABLE_MODULES = YES;
				CLANG_ENABLE_OBJC_ARC = YES;
				CLANG_ENABLE_OBJC_WEAK = YES;
				CLANG_WARN_BLOCK_CAPTURE_AUTORELEASING = YES;
				CLANG_WARN_BOOL_CONVERSION = YES;
				CLANG_WARN_COMMA = YES;
				CLANG_WARN_CONSTANT_CONVERSION = YES;
				CLANG_WARN_DEPRECATED_OBJC_IMPLEMENTATIONS = YES;
				CLANG_WARN_DIRECT_OBJC_ISA_USAGE = YES_ERROR;
				CLANG_WARN_DOCUMENTATION_COMMENTS = YES;
				CLANG_WARN_EMPTY_BODY = YES;
				CLANG_WARN_ENUM_CONVERSION = YES;
				CLANG_WARN_INFINITE_RECURSION = YES;
				CLANG_WARN_INT_CONVERSION = YES;
				CLANG_WARN_NON_LITERAL_NULL_CONVERSION = YES;
				CLANG_WARN_OBJC_IMPLICIT_RETAIN_SELF = YES;
				CLANG_WARN_OBJC_LITERAL_CONVERSION = YES;
				CLANG_WARN_OBJC_ROOT_CLASS = YES_ERROR;
				CLANG_WARN_QUOTED_INCLUDE_IN_FRAMEWORK_HEADER = YES;
				CLANG_WARN_RANGE_LOOP_ANALYSIS = YES;
				CLANG_WARN_STRICT_PROTOTYPES = YES;
				CLANG_WARN_SUSPICIOUS_MOVE = YES;
				CLANG_WARN_UNGUARDED_AVAILABILITY = YES_AGGRESSIVE;
				CLANG_WARN_UNREACHABLE_CODE = YES;
				CLANG_WARN__DUPLICATE_METHOD_MATCH = YES;
				COPY_PHASE_STRIP = NO;
				DEBUG_INFORMATION_FORMAT = dwarf;
				ENABLE_STRICT_OBJC_MSGSEND = YES;
				ENABLE_TESTABILITY = YES;
				GCC_C_LANGUAGE_STANDARD = gnu11;
				GCC_DYNAMIC_NO_PIC = NO;
				GCC_NO_COMMON_BLOCKS = YES;
				GCC_OPTIMIZATION_LEVEL = 0;
				GCC_PREPROCESSOR_DEFINITIONS = (
					"DEBUG=1",
					"$(inherited)",
				);
				GCC_WARN_64_TO_32_BIT_CONVERSION = YES;
				GCC_WARN_ABOUT_RETURN_TYPE = YES_ERROR;
				GCC_WARN_UNDECLARED_SELECTOR = YES;
				GCC_WARN_UNINITIALIZED_AUTOS = YES_AGGRESSIVE;
				GCC_WARN_UNUSED_FUNCTION = YES;
				GCC_WARN_UNUSED_VARIABLE = YES;
				IPHONEOS_DEPLOYMENT_TARGET = 14.4;
				MTL_ENABLE_DEBUG_INFO = INCLUDE_SOURCE;
				MTL_FAST_MATH = YES;
				ONLY_ACTIVE_ARCH = YES;
				SDKROOT = iphoneos;
				SWIFT_ACTIVE_COMPILATION_CONDITIONS = DEBUG;
				SWIFT_OPTIMIZATION_LEVEL = "-Onone";
			};
			name = Debug;
		};
		117E69A325F7A21F00E313E3 /* Release */ = {
			isa = XCBuildConfiguration;
			buildSettings = {
				ALWAYS_SEARCH_USER_PATHS = NO;
				CLANG_ANALYZER_NONNULL = YES;
				CLANG_ANALYZER_NUMBER_OBJECT_CONVERSION = YES_AGGRESSIVE;
				CLANG_CXX_LANGUAGE_STANDARD = "gnu++14";
				CLANG_CXX_LIBRARY = "libc++";
				CLANG_ENABLE_MODULES = YES;
				CLANG_ENABLE_OBJC_ARC = YES;
				CLANG_ENABLE_OBJC_WEAK = YES;
				CLANG_WARN_BLOCK_CAPTURE_AUTORELEASING = YES;
				CLANG_WARN_BOOL_CONVERSION = YES;
				CLANG_WARN_COMMA = YES;
				CLANG_WARN_CONSTANT_CONVERSION = YES;
				CLANG_WARN_DEPRECATED_OBJC_IMPLEMENTATIONS = YES;
				CLANG_WARN_DIRECT_OBJC_ISA_USAGE = YES_ERROR;
				CLANG_WARN_DOCUMENTATION_COMMENTS = YES;
				CLANG_WARN_EMPTY_BODY = YES;
				CLANG_WARN_ENUM_CONVERSION = YES;
				CLANG_WARN_INFINITE_RECURSION = YES;
				CLANG_WARN_INT_CONVERSION = YES;
				CLANG_WARN_NON_LITERAL_NULL_CONVERSION = YES;
				CLANG_WARN_OBJC_IMPLICIT_RETAIN_SELF = YES;
				CLANG_WARN_OBJC_LITERAL_CONVERSION = YES;
				CLANG_WARN_OBJC_ROOT_CLASS = YES_ERROR;
				CLANG_WARN_QUOTED_INCLUDE_IN_FRAMEWORK_HEADER = YES;
				CLANG_WARN_RANGE_LOOP_ANALYSIS = YES;
				CLANG_WARN_STRICT_PROTOTYPES = YES;
				CLANG_WARN_SUSPICIOUS_MOVE = YES;
				CLANG_WARN_UNGUARDED_AVAILABILITY = YES_AGGRESSIVE;
				CLANG_WARN_UNREACHABLE_CODE = YES;
				CLANG_WARN__DUPLICATE_METHOD_MATCH = YES;
				COPY_PHASE_STRIP = NO;
				DEBUG_INFORMATION_FORMAT = "dwarf-with-dsym";
				ENABLE_NS_ASSERTIONS = NO;
				ENABLE_STRICT_OBJC_MSGSEND = YES;
				GCC_C_LANGUAGE_STANDARD = gnu11;
				GCC_NO_COMMON_BLOCKS = YES;
				GCC_WARN_64_TO_32_BIT_CONVERSION = YES;
				GCC_WARN_ABOUT_RETURN_TYPE = YES_ERROR;
				GCC_WARN_UNDECLARED_SELECTOR = YES;
				GCC_WARN_UNINITIALIZED_AUTOS = YES_AGGRESSIVE;
				GCC_WARN_UNUSED_FUNCTION = YES;
				GCC_WARN_UNUSED_VARIABLE = YES;
				IPHONEOS_DEPLOYMENT_TARGET = 14.4;
				MTL_ENABLE_DEBUG_INFO = NO;
				MTL_FAST_MATH = YES;
				SDKROOT = iphoneos;
				SWIFT_COMPILATION_MODE = wholemodule;
				SWIFT_OPTIMIZATION_LEVEL = "-O";
				VALIDATE_PRODUCT = YES;
			};
			name = Release;
		};
		117E69A525F7A21F00E313E3 /* Debug */ = {
			isa = XCBuildConfiguration;
			buildSettings = {
				ASSETCATALOG_COMPILER_APPICON_NAME = AppIcon;
				ASSETCATALOG_COMPILER_GLOBAL_ACCENT_COLOR_NAME = AccentColor;
				CODE_SIGN_STYLE = Automatic;
				INFOPLIST_FILE = iOSTakeHomeChallenge/Info.plist;
				LD_RUNPATH_SEARCH_PATHS = (
					"$(inherited)",
					"@executable_path/Frameworks",
				);
				PRODUCT_BUNDLE_IDENTIFIER = com.xdesign.iOSTakeHomeChallenge;
				PRODUCT_NAME = "$(TARGET_NAME)";
				SWIFT_VERSION = 5.0;
				TARGETED_DEVICE_FAMILY = 1;
			};
			name = Debug;
		};
		117E69A625F7A21F00E313E3 /* Release */ = {
			isa = XCBuildConfiguration;
			buildSettings = {
				ASSETCATALOG_COMPILER_APPICON_NAME = AppIcon;
				ASSETCATALOG_COMPILER_GLOBAL_ACCENT_COLOR_NAME = AccentColor;
				CODE_SIGN_STYLE = Automatic;
				INFOPLIST_FILE = iOSTakeHomeChallenge/Info.plist;
				LD_RUNPATH_SEARCH_PATHS = (
					"$(inherited)",
					"@executable_path/Frameworks",
				);
				PRODUCT_BUNDLE_IDENTIFIER = com.xdesign.iOSTakeHomeChallenge;
				PRODUCT_NAME = "$(TARGET_NAME)";
				SWIFT_VERSION = 5.0;
				TARGETED_DEVICE_FAMILY = 1;
			};
			name = Release;
		};
/* End XCBuildConfiguration section */

/* Begin XCConfigurationList section */
		117E698B25F7A21E00E313E3 /* Build configuration list for PBXProject "iOSTakeHomeChallenge" */ = {
			isa = XCConfigurationList;
			buildConfigurations = (
				117E69A225F7A21F00E313E3 /* Debug */,
				117E69A325F7A21F00E313E3 /* Release */,
			);
			defaultConfigurationIsVisible = 0;
			defaultConfigurationName = Release;
		};
		117E69A425F7A21F00E313E3 /* Build configuration list for PBXNativeTarget "iOSTakeHomeChallenge" */ = {
			isa = XCConfigurationList;
			buildConfigurations = (
				117E69A525F7A21F00E313E3 /* Debug */,
				117E69A625F7A21F00E313E3 /* Release */,
			);
			defaultConfigurationIsVisible = 0;
			defaultConfigurationName = Release;
		};
/* End XCConfigurationList section */
	};
	rootObject = 117E698825F7A21E00E313E3 /* Project object */;
}
